
Microsoft Visual Studio Solution File, Format Version 12.00
# Visual Studio Version 17
VisualStudioVersion = 17.4.33205.214
MinimumVisualStudioVersion = 10.0.40219.1
Project("{9A19103F-16F7-4668-BE54-9A1E7A4F7556}") = "BukkMaraton2019", "K22O\BukkMaraton2019.csproj", "{DE8C4D9E-07DD-4380-8251-52A1D689821A}"
EndProject
Project("{9A19103F-16F7-4668-BE54-9A1E7A4F7556}") = "BukkMaraton2019GUI", "BukkMaraton2019GUI\BukkMaraton2019GUI.csproj", "{A4BD9BA7-FE6A-4589-82ED-67631A57EAAD}"
EndProject
Global
	GlobalSection(SolutionConfigurationPlatforms) = preSolution
		Debug|Any CPU = Debug|Any CPU
		Release|Any CPU = Release|Any CPU
	EndGlobalSection
	GlobalSection(ProjectConfigurationPlatforms) = postSolution
		{DE8C4D9E-07DD-4380-8251-52A1D689821A}.Debug|Any CPU.ActiveCfg = Debug|Any CPU
		{DE8C4D9E-07DD-4380-8251-52A1D689821A}.Debug|Any CPU.Build.0 = Debug|Any CPU
		{DE8C4D9E-07DD-4380-8251-52A1D689821A}.Release|Any CPU.ActiveCfg = Release|Any CPU
		{DE8C4D9E-07DD-4380-8251-52A1D689821A}.Release|Any CPU.Build.0 = Release|Any CPU
		{A4BD9BA7-FE6A-4589-82ED-67631A57EAAD}.Debug|Any CPU.ActiveCfg = Debug|Any CPU
		{A4BD9BA7-FE6A-4589-82ED-67631A57EAAD}.Debug|Any CPU.Build.0 = Debug|Any CPU
		{A4BD9BA7-FE6A-4589-82ED-67631A57EAAD}.Release|Any CPU.ActiveCfg = Release|Any CPU
		{A4BD9BA7-FE6A-4589-82ED-67631A57EAAD}.Release|Any CPU.Build.0 = Release|Any CPU
	EndGlobalSection
	GlobalSection(SolutionProperties) = preSolution
		HideSolutionNode = FALSE
	EndGlobalSection
	GlobalSection(ExtensibilityGlobals) = postSolution
		SolutionGuid = {7B4A1ACB-4F34-4C93-8211-ED523D5347C1}
	EndGlobalSection
EndGlobal
